// !$*UTF8*$!
{
	archiveVersion = 1;
	classes = {
	};
	objectVersion = 56;
	objects = {

/* Begin PBXBuildFile section */
		49555BFD2C78E2EF00F613FF /* HikeApp.swift in Sources */ = {isa = PBXBuildFile; fileRef = 49555BFC2C78E2EF00F613FF /* HikeApp.swift */; };
		49555BFF2C78E2EF00F613FF /* ContentView.swift in Sources */ = {isa = PBXBuildFile; fileRef = 49555BFE2C78E2EF00F613FF /* ContentView.swift */; };
		49555C012C78E2F200F613FF /* Assets.xcassets in Resources */ = {isa = PBXBuildFile; fileRef = 49555C002C78E2F200F613FF /* Assets.xcassets */; };
		49555C042C78E2F200F613FF /* Preview Assets.xcassets in Resources */ = {isa = PBXBuildFile; fileRef = 49555C032C78E2F200F613FF /* Preview Assets.xcassets */; };
		49555C272C78E7E500F613FF /* CardView.swift in Sources */ = {isa = PBXBuildFile; fileRef = 49555C262C78E7E500F613FF /* CardView.swift */; };
		49555C2A2C78EB3700F613FF /* CustomBackgroundView.swift in Sources */ = {isa = PBXBuildFile; fileRef = 49555C292C78EB3700F613FF /* CustomBackgroundView.swift */; };
		49555C2D2C78F66D00F613FF /* ColorExtention.swift in Sources */ = {isa = PBXBuildFile; fileRef = 49555C2C2C78F66D00F613FF /* ColorExtention.swift */; };
		49555C2F2C7C73DD00F613FF /* CostumButtonView.swift in Sources */ = {isa = PBXBuildFile; fileRef = 49555C2E2C7C73DD00F613FF /* CostumButtonView.swift */; };
		49555C312C7C8DDE00F613FF /* GradientButtonStyle.swift in Sources */ = {isa = PBXBuildFile; fileRef = 49555C302C7C8DDE00F613FF /* GradientButtonStyle.swift */; };
		49555C332C7C980D00F613FF /* CustomeCircleView.swift in Sources */ = {isa = PBXBuildFile; fileRef = 49555C322C7C980D00F613FF /* CustomeCircleView.swift */; };
		49555C352C7C9B3900F613FF /* MotionAnimationView.swift in Sources */ = {isa = PBXBuildFile; fileRef = 49555C342C7C9B3900F613FF /* MotionAnimationView.swift */; };
		49555C382C7CA5A000F613FF /* SettingsView.swift in Sources */ = {isa = PBXBuildFile; fileRef = 49555C372C7CA5A000F613FF /* SettingsView.swift */; };
/* End PBXBuildFile section */

/* Begin PBXContainerItemProxy section */
		49555C0A2C78E2F200F613FF /* PBXContainerItemProxy */ = {
			isa = PBXContainerItemProxy;
			containerPortal = 49555BF12C78E2EF00F613FF /* Project object */;
			proxyType = 1;
			remoteGlobalIDString = 49555BF82C78E2EF00F613FF;
			remoteInfo = Hike;
		};
		49555C142C78E2F200F613FF /* PBXContainerItemProxy */ = {
			isa = PBXContainerItemProxy;
			containerPortal = 49555BF12C78E2EF00F613FF /* Project object */;
			proxyType = 1;
			remoteGlobalIDString = 49555BF82C78E2EF00F613FF;
			remoteInfo = Hike;
		};
/* End PBXContainerItemProxy section */

/* Begin PBXFileReference section */
		49555BF92C78E2EF00F613FF /* Hike.app */ = {isa = PBXFileReference; explicitFileType = wrapper.application; includeInIndex = 0; path = Hike.app; sourceTree = BUILT_PRODUCTS_DIR; };
		49555BFC2C78E2EF00F613FF /* HikeApp.swift */ = {isa = PBXFileReference; lastKnownFileType = sourcecode.swift; path = HikeApp.swift; sourceTree = "<group>"; };
		49555BFE2C78E2EF00F613FF /* ContentView.swift */ = {isa = PBXFileReference; lastKnownFileType = sourcecode.swift; path = ContentView.swift; sourceTree = "<group>"; };
		49555C002C78E2F200F613FF /* Assets.xcassets */ = {isa = PBXFileReference; lastKnownFileType = folder.assetcatalog; path = Assets.xcassets; sourceTree = "<group>"; };
		49555C032C78E2F200F613FF /* Preview Assets.xcassets */ = {isa = PBXFileReference; lastKnownFileType = folder.assetcatalog; path = "Preview Assets.xcassets"; sourceTree = "<group>"; };
		49555C092C78E2F200F613FF /* HikeTests.xctest */ = {isa = PBXFileReference; explicitFileType = wrapper.cfbundle; includeInIndex = 0; path = HikeTests.xctest; sourceTree = BUILT_PRODUCTS_DIR; };
		49555C132C78E2F200F613FF /* HikeUITests.xctest */ = {isa = PBXFileReference; explicitFileType = wrapper.cfbundle; includeInIndex = 0; path = HikeUITests.xctest; sourceTree = BUILT_PRODUCTS_DIR; };
		49555C262C78E7E500F613FF /* CardView.swift */ = {isa = PBXFileReference; lastKnownFileType = sourcecode.swift; path = CardView.swift; sourceTree = "<group>"; };
		49555C292C78EB3700F613FF /* CustomBackgroundView.swift */ = {isa = PBXFileReference; lastKnownFileType = sourcecode.swift; path = CustomBackgroundView.swift; sourceTree = "<group>"; };
		49555C2C2C78F66D00F613FF /* ColorExtention.swift */ = {isa = PBXFileReference; lastKnownFileType = sourcecode.swift; path = ColorExtention.swift; sourceTree = "<group>"; };
		49555C2E2C7C73DD00F613FF /* CostumButtonView.swift */ = {isa = PBXFileReference; lastKnownFileType = sourcecode.swift; path = CostumButtonView.swift; sourceTree = "<group>"; };
		49555C302C7C8DDE00F613FF /* GradientButtonStyle.swift */ = {isa = PBXFileReference; lastKnownFileType = sourcecode.swift; path = GradientButtonStyle.swift; sourceTree = "<group>"; };
		49555C322C7C980D00F613FF /* CustomeCircleView.swift */ = {isa = PBXFileReference; lastKnownFileType = sourcecode.swift; path = CustomeCircleView.swift; sourceTree = "<group>"; };
		49555C342C7C9B3900F613FF /* MotionAnimationView.swift */ = {isa = PBXFileReference; lastKnownFileType = sourcecode.swift; path = MotionAnimationView.swift; sourceTree = "<group>"; };
		49555C372C7CA5A000F613FF /* SettingsView.swift */ = {isa = PBXFileReference; lastKnownFileType = sourcecode.swift; path = SettingsView.swift; sourceTree = "<group>"; };
/* End PBXFileReference section */

/* Begin PBXFrameworksBuildPhase section */
		49555BF62C78E2EF00F613FF /* Frameworks */ = {
			isa = PBXFrameworksBuildPhase;
			buildActionMask = 2147483647;
			files = (
			);
			runOnlyForDeploymentPostprocessing = 0;
		};
		49555C062C78E2F200F613FF /* Frameworks */ = {
			isa = PBXFrameworksBuildPhase;
			buildActionMask = 2147483647;
			files = (
			);
			runOnlyForDeploymentPostprocessing = 0;
		};
		49555C102C78E2F200F613FF /* Frameworks */ = {
			isa = PBXFrameworksBuildPhase;
			buildActionMask = 2147483647;
			files = (
			);
			runOnlyForDeploymentPostprocessing = 0;
		};
/* End PBXFrameworksBuildPhase section */

/* Begin PBXGroup section */
		49555BF02C78E2EF00F613FF = {
			isa = PBXGroup;
			children = (
				49555BFB2C78E2EF00F613FF /* Hike */,
				49555BFA2C78E2EF00F613FF /* Products */,
			);
			sourceTree = "<group>";
		};
		49555BFA2C78E2EF00F613FF /* Products */ = {
			isa = PBXGroup;
			children = (
				49555BF92C78E2EF00F613FF /* Hike.app */,
				49555C092C78E2F200F613FF /* HikeTests.xctest */,
				49555C132C78E2F200F613FF /* HikeUITests.xctest */,
			);
			name = Products;
			sourceTree = "<group>";
		};
		49555BFB2C78E2EF00F613FF /* Hike */ = {
			isa = PBXGroup;
			children = (
				49555C282C78EB0200F613FF /* Component */,
				49555C2B2C78F64700F613FF /* Utility */,
				49555BFC2C78E2EF00F613FF /* HikeApp.swift */,
				49555C362C7CA58500F613FF /* Screen */,
				49555C002C78E2F200F613FF /* Assets.xcassets */,
				49555C022C78E2F200F613FF /* Preview Content */,
			);
			path = Hike;
			sourceTree = "<group>";
		};
		49555C022C78E2F200F613FF /* Preview Content */ = {
			isa = PBXGroup;
			children = (
				49555C032C78E2F200F613FF /* Preview Assets.xcassets */,
			);
			path = "Preview Content";
			sourceTree = "<group>";
		};
		49555C282C78EB0200F613FF /* Component */ = {
			isa = PBXGroup;
			children = (
				49555C262C78E7E500F613FF /* CardView.swift */,
				49555C292C78EB3700F613FF /* CustomBackgroundView.swift */,
				49555C2E2C7C73DD00F613FF /* CostumButtonView.swift */,
				49555C322C7C980D00F613FF /* CustomeCircleView.swift */,
				49555C342C7C9B3900F613FF /* MotionAnimationView.swift */,
			);
			path = Component;
			sourceTree = "<group>";
		};
		49555C2B2C78F64700F613FF /* Utility */ = {
			isa = PBXGroup;
			children = (
				49555C2C2C78F66D00F613FF /* ColorExtention.swift */,
				49555C302C7C8DDE00F613FF /* GradientButtonStyle.swift */,
			);
			path = Utility;
			sourceTree = "<group>";
		};
		49555C362C7CA58500F613FF /* Screen */ = {
			isa = PBXGroup;
			children = (
				49555BFE2C78E2EF00F613FF /* ContentView.swift */,
				49555C372C7CA5A000F613FF /* SettingsView.swift */,
			);
			path = Screen;
			sourceTree = "<group>";
		};
/* End PBXGroup section */

/* Begin PBXNativeTarget section */
		49555BF82C78E2EF00F613FF /* Hike */ = {
			isa = PBXNativeTarget;
			buildConfigurationList = 49555C1D2C78E2F200F613FF /* Build configuration list for PBXNativeTarget "Hike" */;
			buildPhases = (
				49555BF52C78E2EF00F613FF /* Sources */,
				49555BF62C78E2EF00F613FF /* Frameworks */,
				49555BF72C78E2EF00F613FF /* Resources */,
			);
			buildRules = (
			);
			dependencies = (
			);
			name = Hike;
			productName = Hike;
			productReference = 49555BF92C78E2EF00F613FF /* Hike.app */;
			productType = "com.apple.product-type.application";
		};
		49555C082C78E2F200F613FF /* HikeTests */ = {
			isa = PBXNativeTarget;
			buildConfigurationList = 49555C202C78E2F200F613FF /* Build configuration list for PBXNativeTarget "HikeTests" */;
			buildPhases = (
				49555C052C78E2F200F613FF /* Sources */,
				49555C062C78E2F200F613FF /* Frameworks */,
				49555C072C78E2F200F613FF /* Resources */,
			);
			buildRules = (
			);
			dependencies = (
				49555C0B2C78E2F200F613FF /* PBXTargetDependency */,
			);
			name = HikeTests;
			productName = HikeTests;
			productReference = 49555C092C78E2F200F613FF /* HikeTests.xctest */;
			productType = "com.apple.product-type.bundle.unit-test";
		};
		49555C122C78E2F200F613FF /* HikeUITests */ = {
			isa = PBXNativeTarget;
			buildConfigurationList = 49555C232C78E2F200F613FF /* Build configuration list for PBXNativeTarget "HikeUITests" */;
			buildPhases = (
				49555C0F2C78E2F200F613FF /* Sources */,
				49555C102C78E2F200F613FF /* Frameworks */,
				49555C112C78E2F200F613FF /* Resources */,
			);
			buildRules = (
			);
			dependencies = (
				49555C152C78E2F200F613FF /* PBXTargetDependency */,
			);
			name = HikeUITests;
			productName = HikeUITests;
			productReference = 49555C132C78E2F200F613FF /* HikeUITests.xctest */;
			productType = "com.apple.product-type.bundle.ui-testing";
		};
/* End PBXNativeTarget section */

/* Begin PBXProject section */
		49555BF12C78E2EF00F613FF /* Project object */ = {
			isa = PBXProject;
			attributes = {
				BuildIndependentTargetsInParallel = 1;
				LastSwiftUpdateCheck = 1500;
				LastUpgradeCheck = 1500;
				TargetAttributes = {
					49555BF82C78E2EF00F613FF = {
						CreatedOnToolsVersion = 15.0.1;
					};
					49555C082C78E2F200F613FF = {
						CreatedOnToolsVersion = 15.0.1;
						TestTargetID = 49555BF82C78E2EF00F613FF;
					};
					49555C122C78E2F200F613FF = {
						CreatedOnToolsVersion = 15.0.1;
						TestTargetID = 49555BF82C78E2EF00F613FF;
					};
				};
			};
			buildConfigurationList = 49555BF42C78E2EF00F613FF /* Build configuration list for PBXProject "Hike" */;
			compatibilityVersion = "Xcode 14.0";
			developmentRegion = en;
			hasScannedForEncodings = 0;
			knownRegions = (
				en,
				Base,
			);
			mainGroup = 49555BF02C78E2EF00F613FF;
			productRefGroup = 49555BFA2C78E2EF00F613FF /* Products */;
			projectDirPath = "";
			projectRoot = "";
			targets = (
				49555BF82C78E2EF00F613FF /* Hike */,
				49555C082C78E2F200F613FF /* HikeTests */,
				49555C122C78E2F200F613FF /* HikeUITests */,
			);
		};
/* End PBXProject section */

/* Begin PBXResourcesBuildPhase section */
		49555BF72C78E2EF00F613FF /* Resources */ = {
			isa = PBXResourcesBuildPhase;
			buildActionMask = 2147483647;
			files = (
				49555C042C78E2F200F613FF /* Preview Assets.xcassets in Resources */,
				49555C012C78E2F200F613FF /* Assets.xcassets in Resources */,
			);
			runOnlyForDeploymentPostprocessing = 0;
		};
		49555C072C78E2F200F613FF /* Resources */ = {
			isa = PBXResourcesBuildPhase;
			buildActionMask = 2147483647;
			files = (
			);
			runOnlyForDeploymentPostprocessing = 0;
		};
		49555C112C78E2F200F613FF /* Resources */ = {
			isa = PBXResourcesBuildPhase;
			buildActionMask = 2147483647;
			files = (
			);
			runOnlyForDeploymentPostprocessing = 0;
		};
/* End PBXResourcesBuildPhase section */

/* Begin PBXSourcesBuildPhase section */
		49555BF52C78E2EF00F613FF /* Sources */ = {
			isa = PBXSourcesBuildPhase;
			buildActionMask = 2147483647;
			files = (
				49555BFF2C78E2EF00F613FF /* ContentView.swift in Sources */,
				49555C272C78E7E500F613FF /* CardView.swift in Sources */,
				49555C2D2C78F66D00F613FF /* ColorExtention.swift in Sources */,
				49555C382C7CA5A000F613FF /* SettingsView.swift in Sources */,
				49555C2F2C7C73DD00F613FF /* CostumButtonView.swift in Sources */,
				49555C352C7C9B3900F613FF /* MotionAnimationView.swift in Sources */,
				49555C312C7C8DDE00F613FF /* GradientButtonStyle.swift in Sources */,
				49555BFD2C78E2EF00F613FF /* HikeApp.swift in Sources */,
				49555C2A2C78EB3700F613FF /* CustomBackgroundView.swift in Sources */,
				49555C332C7C980D00F613FF /* CustomeCircleView.swift in Sources */,
			);
			runOnlyForDeploymentPostprocessing = 0;
		};
		49555C052C78E2F200F613FF /* Sources */ = {
			isa = PBXSourcesBuildPhase;
			buildActionMask = 2147483647;
			files = (
			);
			runOnlyForDeploymentPostprocessing = 0;
		};
		49555C0F2C78E2F200F613FF /* Sources */ = {
			isa = PBXSourcesBuildPhase;
			buildActionMask = 2147483647;
			files = (
			);
			runOnlyForDeploymentPostprocessing = 0;
		};
/* End PBXSourcesBuildPhase section */

/* Begin PBXTargetDependency section */
		49555C0B2C78E2F200F613FF /* PBXTargetDependency */ = {
			isa = PBXTargetDependency;
			target = 49555BF82C78E2EF00F613FF /* Hike */;
			targetProxy = 49555C0A2C78E2F200F613FF /* PBXContainerItemProxy */;
		};
		49555C152C78E2F200F613FF /* PBXTargetDependency */ = {
			isa = PBXTargetDependency;
			target = 49555BF82C78E2EF00F613FF /* Hike */;
			targetProxy = 49555C142C78E2F200F613FF /* PBXContainerItemProxy */;
		};
/* End PBXTargetDependency section */

/* Begin XCBuildConfiguration section */
		49555C1B2C78E2F200F613FF /* Debug */ = {
			isa = XCBuildConfiguration;
			buildSettings = {
				ALWAYS_SEARCH_USER_PATHS = NO;
				ASSETCATALOG_COMPILER_GENERATE_SWIFT_ASSET_SYMBOL_EXTENSIONS = YES;
				CLANG_ANALYZER_NONNULL = YES;
				CLANG_ANALYZER_NUMBER_OBJECT_CONVERSION = YES_AGGRESSIVE;
				CLANG_CXX_LANGUAGE_STANDARD = "gnu++20";
				CLANG_ENABLE_MODULES = YES;
				CLANG_ENABLE_OBJC_ARC = YES;
				CLANG_ENABLE_OBJC_WEAK = YES;
				CLANG_WARN_BLOCK_CAPTURE_AUTORELEASING = YES;
				CLANG_WARN_BOOL_CONVERSION = YES;
				CLANG_WARN_COMMA = YES;
				CLANG_WARN_CONSTANT_CONVERSION = YES;
				CLANG_WARN_DEPRECATED_OBJC_IMPLEMENTATIONS = YES;
				CLANG_WARN_DIRECT_OBJC_ISA_USAGE = YES_ERROR;
				CLANG_WARN_DOCUMENTATION_COMMENTS = YES;
				CLANG_WARN_EMPTY_BODY = YES;
				CLANG_WARN_ENUM_CONVERSION = YES;
				CLANG_WARN_INFINITE_RECURSION = YES;
				CLANG_WARN_INT_CONVERSION = YES;
				CLANG_WARN_NON_LITERAL_NULL_CONVERSION = YES;
				CLANG_WARN_OBJC_IMPLICIT_RETAIN_SELF = YES;
				CLANG_WARN_OBJC_LITERAL_CONVERSION = YES;
				CLANG_WARN_OBJC_ROOT_CLASS = YES_ERROR;
				CLANG_WARN_QUOTED_INCLUDE_IN_FRAMEWORK_HEADER = YES;
				CLANG_WARN_RANGE_LOOP_ANALYSIS = YES;
				CLANG_WARN_STRICT_PROTOTYPES = YES;
				CLANG_WARN_SUSPICIOUS_MOVE = YES;
				CLANG_WARN_UNGUARDED_AVAILABILITY = YES_AGGRESSIVE;
				CLANG_WARN_UNREACHABLE_CODE = YES;
				CLANG_WARN__DUPLICATE_METHOD_MATCH = YES;
				COPY_PHASE_STRIP = NO;
				DEBUG_INFORMATION_FORMAT = dwarf;
				ENABLE_STRICT_OBJC_MSGSEND = YES;
				ENABLE_TESTABILITY = YES;
				ENABLE_USER_SCRIPT_SANDBOXING = YES;
				GCC_C_LANGUAGE_STANDARD = gnu17;
				GCC_DYNAMIC_NO_PIC = NO;
				GCC_NO_COMMON_BLOCKS = YES;
				GCC_OPTIMIZATION_LEVEL = 0;
				GCC_PREPROCESSOR_DEFINITIONS = (
					"DEBUG=1",
					"$(inherited)",
				);
				GCC_WARN_64_TO_32_BIT_CONVERSION = YES;
				GCC_WARN_ABOUT_RETURN_TYPE = YES_ERROR;
				GCC_WARN_UNDECLARED_SELECTOR = YES;
				GCC_WARN_UNINITIALIZED_AUTOS = YES_AGGRESSIVE;
				GCC_WARN_UNUSED_FUNCTION = YES;
				GCC_WARN_UNUSED_VARIABLE = YES;
				IPHONEOS_DEPLOYMENT_TARGET = 17.0;
				LOCALIZATION_PREFERS_STRING_CATALOGS = YES;
				MTL_ENABLE_DEBUG_INFO = INCLUDE_SOURCE;
				MTL_FAST_MATH = YES;
				ONLY_ACTIVE_ARCH = YES;
				SDKROOT = iphoneos;
				SWIFT_ACTIVE_COMPILATION_CONDITIONS = "DEBUG $(inherited)";
				SWIFT_OPTIMIZATION_LEVEL = "-Onone";
			};
			name = Debug;
		};
		49555C1C2C78E2F200F613FF /* Release */ = {
			isa = XCBuildConfiguration;
			buildSettings = {
				ALWAYS_SEARCH_USER_PATHS = NO;
				ASSETCATALOG_COMPILER_GENERATE_SWIFT_ASSET_SYMBOL_EXTENSIONS = YES;
				CLANG_ANALYZER_NONNULL = YES;
				CLANG_ANALYZER_NUMBER_OBJECT_CONVERSION = YES_AGGRESSIVE;
				CLANG_CXX_LANGUAGE_STANDARD = "gnu++20";
				CLANG_ENABLE_MODULES = YES;
				CLANG_ENABLE_OBJC_ARC = YES;
				CLANG_ENABLE_OBJC_WEAK = YES;
				CLANG_WARN_BLOCK_CAPTURE_AUTORELEASING = YES;
				CLANG_WARN_BOOL_CONVERSION = YES;
				CLANG_WARN_COMMA = YES;
				CLANG_WARN_CONSTANT_CONVERSION = YES;
				CLANG_WARN_DEPRECATED_OBJC_IMPLEMENTATIONS = YES;
				CLANG_WARN_DIRECT_OBJC_ISA_USAGE = YES_ERROR;
				CLANG_WARN_DOCUMENTATION_COMMENTS = YES;
				CLANG_WARN_EMPTY_BODY = YES;
				CLANG_WARN_ENUM_CONVERSION = YES;
				CLANG_WARN_INFINITE_RECURSION = YES;
				CLANG_WARN_INT_CONVERSION = YES;
				CLANG_WARN_NON_LITERAL_NULL_CONVERSION = YES;
				CLANG_WARN_OBJC_IMPLICIT_RETAIN_SELF = YES;
				CLANG_WARN_OBJC_LITERAL_CONVERSION = YES;
				CLANG_WARN_OBJC_ROOT_CLASS = YES_ERROR;
				CLANG_WARN_QUOTED_INCLUDE_IN_FRAMEWORK_HEADER = YES;
				CLANG_WARN_RANGE_LOOP_ANALYSIS = YES;
				CLANG_WARN_STRICT_PROTOTYPES = YES;
				CLANG_WARN_SUSPICIOUS_MOVE = YES;
				CLANG_WARN_UNGUARDED_AVAILABILITY = YES_AGGRESSIVE;
				CLANG_WARN_UNREACHABLE_CODE = YES;
				CLANG_WARN__DUPLICATE_METHOD_MATCH = YES;
				COPY_PHASE_STRIP = NO;
				DEBUG_INFORMATION_FORMAT = "dwarf-with-dsym";
				ENABLE_NS_ASSERTIONS = NO;
				ENABLE_STRICT_OBJC_MSGSEND = YES;
				ENABLE_USER_SCRIPT_SANDBOXING = YES;
				GCC_C_LANGUAGE_STANDARD = gnu17;
				GCC_NO_COMMON_BLOCKS = YES;
				GCC_WARN_64_TO_32_BIT_CONVERSION = YES;
				GCC_WARN_ABOUT_RETURN_TYPE = YES_ERROR;
				GCC_WARN_UNDECLARED_SELECTOR = YES;
				GCC_WARN_UNINITIALIZED_AUTOS = YES_AGGRESSIVE;
				GCC_WARN_UNUSED_FUNCTION = YES;
				GCC_WARN_UNUSED_VARIABLE = YES;
				IPHONEOS_DEPLOYMENT_TARGET = 17.0;
				LOCALIZATION_PREFERS_STRING_CATALOGS = YES;
				MTL_ENABLE_DEBUG_INFO = NO;
				MTL_FAST_MATH = YES;
				SDKROOT = iphoneos;
				SWIFT_COMPILATION_MODE = wholemodule;
				VALIDATE_PRODUCT = YES;
			};
			name = Release;
		};
		49555C1E2C78E2F200F613FF /* Debug */ = {
			isa = XCBuildConfiguration;
			buildSettings = {
				ASSETCATALOG_COMPILER_APPICON_NAME = AppIcon;
				ASSETCATALOG_COMPILER_GLOBAL_ACCENT_COLOR_NAME = AccentColor;
				CODE_SIGN_STYLE = Automatic;
				CURRENT_PROJECT_VERSION = 1;
				DEVELOPMENT_ASSET_PATHS = "\"Hike/Preview Content\"";
				DEVELOPMENT_TEAM = 5UAB2YDZ59;
				ENABLE_PREVIEWS = YES;
				GENERATE_INFOPLIST_FILE = YES;
				INFOPLIST_KEY_UIApplicationSceneManifest_Generation = YES;
				INFOPLIST_KEY_UIApplicationSupportsIndirectInputEvents = YES;
				INFOPLIST_KEY_UILaunchScreen_Generation = YES;
				INFOPLIST_KEY_UISupportedInterfaceOrientations_iPad = "UIInterfaceOrientationPortrait UIInterfaceOrientationPortraitUpsideDown UIInterfaceOrientationLandscapeLeft UIInterfaceOrientationLandscapeRight";
				INFOPLIST_KEY_UISupportedInterfaceOrientations_iPhone = "UIInterfaceOrientationPortrait UIInterfaceOrientationLandscapeLeft UIInterfaceOrientationLandscapeRight";
				LD_RUNPATH_SEARCH_PATHS = (
					"$(inherited)",
					"@executable_path/Frameworks",
				);
				MARKETING_VERSION = 1.0;
				PRODUCT_BUNDLE_IDENTIFIER = mahshad.Hike;
				PRODUCT_NAME = "$(TARGET_NAME)";
				SWIFT_EMIT_LOC_STRINGS = YES;
				SWIFT_VERSION = 5.0;
				TARGETED_DEVICE_FAMILY = "1,2";
			};
			name = Debug;
		};
		49555C1F2C78E2F200F613FF /* Release */ = {
			isa = XCBuildConfiguration;
			buildSettings = {
				ASSETCATALOG_COMPILER_APPICON_NAME = AppIcon;
				ASSETCATALOG_COMPILER_GLOBAL_ACCENT_COLOR_NAME = AccentColor;
				CODE_SIGN_STYLE = Automatic;
				CURRENT_PROJECT_VERSION = 1;
				DEVELOPMENT_ASSET_PATHS = "\"Hike/Preview Content\"";
				DEVELOPMENT_TEAM = 5UAB2YDZ59;
				ENABLE_PREVIEWS = YES;
				GENERATE_INFOPLIST_FILE = YES;
				INFOPLIST_KEY_UIApplicationSceneManifest_Generation = YES;
				INFOPLIST_KEY_UIApplicationSupportsIndirectInputEvents = YES;
				INFOPLIST_KEY_UILaunchScreen_Generation = YES;
				INFOPLIST_KEY_UISupportedInterfaceOrientations_iPad = "UIInterfaceOrientationPortrait UIInterfaceOrientationPortraitUpsideDown UIInterfaceOrientationLandscapeLeft UIInterfaceOrientationLandscapeRight";
				INFOPLIST_KEY_UISupportedInterfaceOrientations_iPhone = "UIInterfaceOrientationPortrait UIInterfaceOrientationLandscapeLeft UIInterfaceOrientationLandscapeRight";
				LD_RUNPATH_SEARCH_PATHS = (
					"$(inherited)",
					"@executable_path/Frameworks",
				);
				MARKETING_VERSION = 1.0;
				PRODUCT_BUNDLE_IDENTIFIER = mahshad.Hike;
				PRODUCT_NAME = "$(TARGET_NAME)";
				SWIFT_EMIT_LOC_STRINGS = YES;
				SWIFT_VERSION = 5.0;
				TARGETED_DEVICE_FAMILY = "1,2";
			};
			name = Release;
		};
		49555C212C78E2F200F613FF /* Debug */ = {
			isa = XCBuildConfiguration;
			buildSettings = {
				ALWAYS_EMBED_SWIFT_STANDARD_LIBRARIES = YES;
				BUNDLE_LOADER = "$(TEST_HOST)";
				CODE_SIGN_STYLE = Automatic;
				CURRENT_PROJECT_VERSION = 1;
				DEVELOPMENT_TEAM = 5UAB2YDZ59;
				GENERATE_INFOPLIST_FILE = YES;
				IPHONEOS_DEPLOYMENT_TARGET = 17.0;
				MARKETING_VERSION = 1.0;
				PRODUCT_BUNDLE_IDENTIFIER = mahshad.HikeTests;
				PRODUCT_NAME = "$(TARGET_NAME)";
				SWIFT_EMIT_LOC_STRINGS = NO;
				SWIFT_VERSION = 5.0;
				TARGETED_DEVICE_FAMILY = "1,2";
				TEST_HOST = "$(BUILT_PRODUCTS_DIR)/Hike.app/$(BUNDLE_EXECUTABLE_FOLDER_PATH)/Hike";
			};
			name = Debug;
		};
		49555C222C78E2F200F613FF /* Release */ = {
			isa = XCBuildConfiguration;
			buildSettings = {
				ALWAYS_EMBED_SWIFT_STANDARD_LIBRARIES = YES;
				BUNDLE_LOADER = "$(TEST_HOST)";
				CODE_SIGN_STYLE = Automatic;
				CURRENT_PROJECT_VERSION = 1;
				DEVELOPMENT_TEAM = 5UAB2YDZ59;
				GENERATE_INFOPLIST_FILE = YES;
				IPHONEOS_DEPLOYMENT_TARGET = 17.0;
				MARKETING_VERSION = 1.0;
				PRODUCT_BUNDLE_IDENTIFIER = mahshad.HikeTests;
				PRODUCT_NAME = "$(TARGET_NAME)";
				SWIFT_EMIT_LOC_STRINGS = NO;
				SWIFT_VERSION = 5.0;
				TARGETED_DEVICE_FAMILY = "1,2";
				TEST_HOST = "$(BUILT_PRODUCTS_DIR)/Hike.app/$(BUNDLE_EXECUTABLE_FOLDER_PATH)/Hike";
			};
			name = Release;
		};
		49555C242C78E2F200F613FF /* Debug */ = {
			isa = XCBuildConfiguration;
			buildSettings = {
				ALWAYS_EMBED_SWIFT_STANDARD_LIBRARIES = YES;
				CODE_SIGN_STYLE = Automatic;
				CURRENT_PROJECT_VERSION = 1;
				DEVELOPMENT_TEAM = 5UAB2YDZ59;
				GENERATE_INFOPLIST_FILE = YES;
				MARKETING_VERSION = 1.0;
				PRODUCT_BUNDLE_IDENTIFIER = mahshad.HikeUITests;
				PRODUCT_NAME = "$(TARGET_NAME)";
				SWIFT_EMIT_LOC_STRINGS = NO;
				SWIFT_VERSION = 5.0;
				TARGETED_DEVICE_FAMILY = "1,2";
				TEST_TARGET_NAME = Hike;
			};
			name = Debug;
		};
		49555C252C78E2F200F613FF /* Release */ = {
			isa = XCBuildConfiguration;
			buildSettings = {
				ALWAYS_EMBED_SWIFT_STANDARD_LIBRARIES = YES;
				CODE_SIGN_STYLE = Automatic;
				CURRENT_PROJECT_VERSION = 1;
				DEVELOPMENT_TEAM = 5UAB2YDZ59;
				GENERATE_INFOPLIST_FILE = YES;
				MARKETING_VERSION = 1.0;
				PRODUCT_BUNDLE_IDENTIFIER = mahshad.HikeUITests;
				PRODUCT_NAME = "$(TARGET_NAME)";
				SWIFT_EMIT_LOC_STRINGS = NO;
				SWIFT_VERSION = 5.0;
				TARGETED_DEVICE_FAMILY = "1,2";
				TEST_TARGET_NAME = Hike;
			};
			name = Release;
		};
/* End XCBuildConfiguration section */

/* Begin XCConfigurationList section */
		49555BF42C78E2EF00F613FF /* Build configuration list for PBXProject "Hike" */ = {
			isa = XCConfigurationList;
			buildConfigurations = (
				49555C1B2C78E2F200F613FF /* Debug */,
				49555C1C2C78E2F200F613FF /* Release */,
			);
			defaultConfigurationIsVisible = 0;
			defaultConfigurationName = Release;
		};
		49555C1D2C78E2F200F613FF /* Build configuration list for PBXNativeTarget "Hike" */ = {
			isa = XCConfigurationList;
			buildConfigurations = (
				49555C1E2C78E2F200F613FF /* Debug */,
				49555C1F2C78E2F200F613FF /* Release */,
			);
			defaultConfigurationIsVisible = 0;
			defaultConfigurationName = Release;
		};
		49555C202C78E2F200F613FF /* Build configuration list for PBXNativeTarget "HikeTests" */ = {
			isa = XCConfigurationList;
			buildConfigurations = (
				49555C212C78E2F200F613FF /* Debug */,
				49555C222C78E2F200F613FF /* Release */,
			);
			defaultConfigurationIsVisible = 0;
			defaultConfigurationName = Release;
		};
		49555C232C78E2F200F613FF /* Build configuration list for PBXNativeTarget "HikeUITests" */ = {
			isa = XCConfigurationList;
			buildConfigurations = (
				49555C242C78E2F200F613FF /* Debug */,
				49555C252C78E2F200F613FF /* Release */,
			);
			defaultConfigurationIsVisible = 0;
			defaultConfigurationName = Release;
		};
/* End XCConfigurationList section */
	};
	rootObject = 49555BF12C78E2EF00F613FF /* Project object */;
}
